
Microsoft Visual Studio Solution File, Format Version 12.00
# Visual Studio Version 17
VisualStudioVersion = 17.3.32804.467
MinimumVisualStudioVersion = 10.0.40219.1
Project("{FAE04EC0-301F-11D3-BF4B-00C04F79EFBC}") = "GitRepositories", "GitRepositories\GitRepositories.csproj", "{943F754B-2764-4EBA-BAB7-2387AC205D79}"
EndProject
Global
	GlobalSection(SolutionConfigurationPlatforms) = preSolution
		Debug|Any CPU = Debug|Any CPU
		Release|Any CPU = Release|Any CPU
	EndGlobalSection
	GlobalSection(ProjectConfigurationPlatforms) = postSolution
		{943F754B-2764-4EBA-BAB7-2387AC205D79}.Debug|Any CPU.ActiveCfg = Debug|Any CPU
		{943F754B-2764-4EBA-BAB7-2387AC205D79}.Debug|Any CPU.Build.0 = Debug|Any CPU
		{943F754B-2764-4EBA-BAB7-2387AC205D79}.Release|Any CPU.ActiveCfg = Release|Any CPU
		{943F754B-2764-4EBA-BAB7-2387AC205D79}.Release|Any CPU.Build.0 = Release|Any CPU
	EndGlobalSection
	GlobalSection(SolutionProperties) = preSolution
		HideSolutionNode = FALSE
	EndGlobalSection
	GlobalSection(ExtensibilityGlobals) = postSolution
		SolutionGuid = {35F71B70-E822-4C67-89E1-466B7038849C}
	EndGlobalSection
EndGlobal
